// !$*UTF8*$!
{
	archiveVersion = 1;
	classes = {
	};
	objectVersion = 48;
	objects = {

/* Begin PBXBuildFile section */
		280B1F9B835B00E3B4FC00EE /* Pods_VIAdMobSample.framework in Frameworks */ = {isa = PBXBuildFile; fileRef = 92DE7027E7E8A40617CBE403 /* Pods_VIAdMobSample.framework */; };
		3F8708641FE3C69100078CA1 /* VIAdMobAdapterSpec.swift in Sources */ = {isa = PBXBuildFile; fileRef = 3F8708631FE3C69100078CA1 /* VIAdMobAdapterSpec.swift */; };
		B8FE69F9E631B2F71DFE6B44 /* Pods_VIAdMobSampleTests.framework in Frameworks */ = {isa = PBXBuildFile; fileRef = B4601E38C0999F1F2938FCB3 /* Pods_VIAdMobSampleTests.framework */; };
		F230C3D61F98E4FB005CE051 /* AdMobVIInterstitialAdapter.m in Sources */ = {isa = PBXBuildFile; fileRef = F2B7D5E81F98B8F30097D404 /* AdMobVIInterstitialAdapter.m */; };
		F238BA4A1F98C9B3000DBDFC /* AdMobMediationControllerSwift.swift in Sources */ = {isa = PBXBuildFile; fileRef = F238BA491F98C9B3000DBDFC /* AdMobMediationControllerSwift.swift */; };
		F2B7D5CC1F98B8BA0097D404 /* AppDelegate.m in Sources */ = {isa = PBXBuildFile; fileRef = F2B7D5CB1F98B8BA0097D404 /* AppDelegate.m */; };
		F2B7D5CF1F98B8BA0097D404 /* AdMobMediationControllerObjC.m in Sources */ = {isa = PBXBuildFile; fileRef = F2B7D5CE1F98B8BA0097D404 /* AdMobMediationControllerObjC.m */; };
		F2B7D5D21F98B8BA0097D404 /* Main.storyboard in Resources */ = {isa = PBXBuildFile; fileRef = F2B7D5D01F98B8BA0097D404 /* Main.storyboard */; };
		F2B7D5D41F98B8BA0097D404 /* Assets.xcassets in Resources */ = {isa = PBXBuildFile; fileRef = F2B7D5D31F98B8BA0097D404 /* Assets.xcassets */; };
		F2B7D5D71F98B8BA0097D404 /* LaunchScreen.storyboard in Resources */ = {isa = PBXBuildFile; fileRef = F2B7D5D51F98B8BA0097D404 /* LaunchScreen.storyboard */; };
		F2B7D5DA1F98B8BA0097D404 /* main.m in Sources */ = {isa = PBXBuildFile; fileRef = F2B7D5D91F98B8BA0097D404 /* main.m */; };
/* End PBXBuildFile section */

/* Begin PBXContainerItemProxy section */
		3F8708661FE3C69100078CA1 /* PBXContainerItemProxy */ = {
			isa = PBXContainerItemProxy;
			containerPortal = F2B7D5BF1F98B8BA0097D404 /* Project object */;
			proxyType = 1;
			remoteGlobalIDString = F2B7D5C61F98B8BA0097D404;
			remoteInfo = VIAdMobSample;
		};
/* End PBXContainerItemProxy section */

/* Begin PBXFileReference section */
		3F8708611FE3C69100078CA1 /* VIAdMobSampleTests.xctest */ = {isa = PBXFileReference; explicitFileType = wrapper.cfbundle; includeInIndex = 0; path = VIAdMobSampleTests.xctest; sourceTree = BUILT_PRODUCTS_DIR; };
		3F8708631FE3C69100078CA1 /* VIAdMobAdapterSpec.swift */ = {isa = PBXFileReference; lastKnownFileType = sourcecode.swift; path = VIAdMobAdapterSpec.swift; sourceTree = "<group>"; };
		3F8708651FE3C69100078CA1 /* Info.plist */ = {isa = PBXFileReference; lastKnownFileType = text.plist.xml; path = Info.plist; sourceTree = "<group>"; };
		461A7EC9C045265564D18289 /* Pods-VIAdMobSample.release.xcconfig */ = {isa = PBXFileReference; includeInIndex = 1; lastKnownFileType = text.xcconfig; name = "Pods-VIAdMobSample.release.xcconfig"; path = "../Pods/Target Support Files/Pods-VIAdMobSample/Pods-VIAdMobSample.release.xcconfig"; sourceTree = "<group>"; };
		5DF9B777BA55E77CA04495EB /* Pods-VIAdMobSampleTests.debug.xcconfig */ = {isa = PBXFileReference; includeInIndex = 1; lastKnownFileType = text.xcconfig; name = "Pods-VIAdMobSampleTests.debug.xcconfig"; path = "../Pods/Target Support Files/Pods-VIAdMobSampleTests/Pods-VIAdMobSampleTests.debug.xcconfig"; sourceTree = "<group>"; };
		92DE7027E7E8A40617CBE403 /* Pods_VIAdMobSample.framework */ = {isa = PBXFileReference; explicitFileType = wrapper.framework; includeInIndex = 0; path = Pods_VIAdMobSample.framework; sourceTree = BUILT_PRODUCTS_DIR; };
		B28CDF6E5B6FCA301664D85C /* Pods-VIAdMobSampleTests.release.xcconfig */ = {isa = PBXFileReference; includeInIndex = 1; lastKnownFileType = text.xcconfig; name = "Pods-VIAdMobSampleTests.release.xcconfig"; path = "../Pods/Target Support Files/Pods-VIAdMobSampleTests/Pods-VIAdMobSampleTests.release.xcconfig"; sourceTree = "<group>"; };
		B4601E38C0999F1F2938FCB3 /* Pods_VIAdMobSampleTests.framework */ = {isa = PBXFileReference; explicitFileType = wrapper.framework; includeInIndex = 0; path = Pods_VIAdMobSampleTests.framework; sourceTree = BUILT_PRODUCTS_DIR; };
		B86F69D18C3063EBC05A7C7A /* Pods-VIAdMobSample.debug.xcconfig */ = {isa = PBXFileReference; includeInIndex = 1; lastKnownFileType = text.xcconfig; name = "Pods-VIAdMobSample.debug.xcconfig"; path = "../Pods/Target Support Files/Pods-VIAdMobSample/Pods-VIAdMobSample.debug.xcconfig"; sourceTree = "<group>"; };
		F238BA481F98C9B2000DBDFC /* VIAdMobSample-Bridging-Header.h */ = {isa = PBXFileReference; lastKnownFileType = sourcecode.c.h; path = "VIAdMobSample-Bridging-Header.h"; sourceTree = "<group>"; };
		F238BA491F98C9B3000DBDFC /* AdMobMediationControllerSwift.swift */ = {isa = PBXFileReference; lastKnownFileType = sourcecode.swift; path = AdMobMediationControllerSwift.swift; sourceTree = "<group>"; };
		F2B7D5C71F98B8BA0097D404 /* VIAdMobSample.app */ = {isa = PBXFileReference; explicitFileType = wrapper.application; includeInIndex = 0; path = VIAdMobSample.app; sourceTree = BUILT_PRODUCTS_DIR; };
		F2B7D5CA1F98B8BA0097D404 /* AppDelegate.h */ = {isa = PBXFileReference; lastKnownFileType = sourcecode.c.h; path = AppDelegate.h; sourceTree = "<group>"; };
		F2B7D5CB1F98B8BA0097D404 /* AppDelegate.m */ = {isa = PBXFileReference; lastKnownFileType = sourcecode.c.objc; path = AppDelegate.m; sourceTree = "<group>"; };
		F2B7D5CD1F98B8BA0097D404 /* AdMobMediationControllerObjC.h */ = {isa = PBXFileReference; lastKnownFileType = sourcecode.c.h; path = AdMobMediationControllerObjC.h; sourceTree = "<group>"; };
		F2B7D5CE1F98B8BA0097D404 /* AdMobMediationControllerObjC.m */ = {isa = PBXFileReference; lastKnownFileType = sourcecode.c.objc; path = AdMobMediationControllerObjC.m; sourceTree = "<group>"; };
		F2B7D5D11F98B8BA0097D404 /* Base */ = {isa = PBXFileReference; lastKnownFileType = file.storyboard; name = Base; path = Base.lproj/Main.storyboard; sourceTree = "<group>"; };
		F2B7D5D31F98B8BA0097D404 /* Assets.xcassets */ = {isa = PBXFileReference; lastKnownFileType = folder.assetcatalog; path = Assets.xcassets; sourceTree = "<group>"; };
		F2B7D5D61F98B8BA0097D404 /* Base */ = {isa = PBXFileReference; lastKnownFileType = file.storyboard; name = Base; path = Base.lproj/LaunchScreen.storyboard; sourceTree = "<group>"; };
		F2B7D5D81F98B8BA0097D404 /* Info.plist */ = {isa = PBXFileReference; lastKnownFileType = text.plist.xml; path = Info.plist; sourceTree = "<group>"; };
		F2B7D5D91F98B8BA0097D404 /* main.m */ = {isa = PBXFileReference; lastKnownFileType = sourcecode.c.objc; path = main.m; sourceTree = "<group>"; };
		F2B7D5E71F98B8F30097D404 /* AdMobVIInterstitialAdapter.h */ = {isa = PBXFileReference; lastKnownFileType = sourcecode.c.h; path = AdMobVIInterstitialAdapter.h; sourceTree = "<group>"; };
		F2B7D5E81F98B8F30097D404 /* AdMobVIInterstitialAdapter.m */ = {isa = PBXFileReference; lastKnownFileType = sourcecode.c.objc; path = AdMobVIInterstitialAdapter.m; sourceTree = "<group>"; };
/* End PBXFileReference section */

/* Begin PBXFrameworksBuildPhase section */
		3F87085E1FE3C69100078CA1 /* Frameworks */ = {
			isa = PBXFrameworksBuildPhase;
			buildActionMask = 2147483647;
			files = (
				B8FE69F9E631B2F71DFE6B44 /* Pods_VIAdMobSampleTests.framework in Frameworks */,
			);
			runOnlyForDeploymentPostprocessing = 0;
		};
		F2B7D5C41F98B8BA0097D404 /* Frameworks */ = {
			isa = PBXFrameworksBuildPhase;
			buildActionMask = 2147483647;
			files = (
				280B1F9B835B00E3B4FC00EE /* Pods_VIAdMobSample.framework in Frameworks */,
			);
			runOnlyForDeploymentPostprocessing = 0;
		};
/* End PBXFrameworksBuildPhase section */

/* Begin PBXGroup section */
		3F8708621FE3C69100078CA1 /* VIAdMobSampleTests */ = {
			isa = PBXGroup;
			children = (
				3F8708631FE3C69100078CA1 /* VIAdMobAdapterSpec.swift */,
				3F8708651FE3C69100078CA1 /* Info.plist */,
			);
			path = VIAdMobSampleTests;
			sourceTree = "<group>";
		};
		8632ECF3A5CF74A57C380FD4 /* Pods */ = {
			isa = PBXGroup;
			children = (
				B86F69D18C3063EBC05A7C7A /* Pods-VIAdMobSample.debug.xcconfig */,
				461A7EC9C045265564D18289 /* Pods-VIAdMobSample.release.xcconfig */,
				5DF9B777BA55E77CA04495EB /* Pods-VIAdMobSampleTests.debug.xcconfig */,
				B28CDF6E5B6FCA301664D85C /* Pods-VIAdMobSampleTests.release.xcconfig */,
			);
			name = Pods;
			sourceTree = "<group>";
		};
		EB49E119E6CDCFB9DB789FC9 /* Frameworks */ = {
			isa = PBXGroup;
			children = (
				92DE7027E7E8A40617CBE403 /* Pods_VIAdMobSample.framework */,
				B4601E38C0999F1F2938FCB3 /* Pods_VIAdMobSampleTests.framework */,
			);
			name = Frameworks;
			sourceTree = "<group>";
		};
		F2B7D5BE1F98B8BA0097D404 = {
			isa = PBXGroup;
			children = (
				F2B7D5C91F98B8BA0097D404 /* VIAdMobSample */,
				3F8708621FE3C69100078CA1 /* VIAdMobSampleTests */,
				F2B7D5C81F98B8BA0097D404 /* Products */,
				8632ECF3A5CF74A57C380FD4 /* Pods */,
				EB49E119E6CDCFB9DB789FC9 /* Frameworks */,
			);
			sourceTree = "<group>";
		};
		F2B7D5C81F98B8BA0097D404 /* Products */ = {
			isa = PBXGroup;
			children = (
				F2B7D5C71F98B8BA0097D404 /* VIAdMobSample.app */,
				3F8708611FE3C69100078CA1 /* VIAdMobSampleTests.xctest */,
			);
			name = Products;
			sourceTree = "<group>";
		};
		F2B7D5C91F98B8BA0097D404 /* VIAdMobSample */ = {
			isa = PBXGroup;
			children = (
				F2B7D5E51F98B8F30097D404 /* AdMobVIMediation */,
				F2B7D5CA1F98B8BA0097D404 /* AppDelegate.h */,
				F2B7D5CB1F98B8BA0097D404 /* AppDelegate.m */,
				F2B7D5CD1F98B8BA0097D404 /* AdMobMediationControllerObjC.h */,
				F2B7D5CE1F98B8BA0097D404 /* AdMobMediationControllerObjC.m */,
				F238BA491F98C9B3000DBDFC /* AdMobMediationControllerSwift.swift */,
				F2B7D5D01F98B8BA0097D404 /* Main.storyboard */,
				F2B7D5D31F98B8BA0097D404 /* Assets.xcassets */,
				F2B7D5D51F98B8BA0097D404 /* LaunchScreen.storyboard */,
				F2B7D5D81F98B8BA0097D404 /* Info.plist */,
				F2B7D5D91F98B8BA0097D404 /* main.m */,
				F238BA481F98C9B2000DBDFC /* VIAdMobSample-Bridging-Header.h */,
			);
			path = VIAdMobSample;
			sourceTree = "<group>";
		};
		F2B7D5E51F98B8F30097D404 /* AdMobVIMediation */ = {
			isa = PBXGroup;
			children = (
				F2B7D5E61F98B8F30097D404 /* Source */,
			);
			path = AdMobVIMediation;
			sourceTree = "<group>";
		};
		F2B7D5E61F98B8F30097D404 /* Source */ = {
			isa = PBXGroup;
			children = (
				F2B7D5E71F98B8F30097D404 /* AdMobVIInterstitialAdapter.h */,
				F2B7D5E81F98B8F30097D404 /* AdMobVIInterstitialAdapter.m */,
			);
			path = Source;
			sourceTree = "<group>";
		};
/* End PBXGroup section */

/* Begin PBXNativeTarget section */
		3F8708601FE3C69100078CA1 /* VIAdMobSampleTests */ = {
			isa = PBXNativeTarget;
			buildConfigurationList = 3F87086A1FE3C69100078CA1 /* Build configuration list for PBXNativeTarget "VIAdMobSampleTests" */;
			buildPhases = (
				D5FE0BB51CBB39034E0426FC /* [CP] Check Pods Manifest.lock */,
				3F87085D1FE3C69100078CA1 /* Sources */,
				3F87085E1FE3C69100078CA1 /* Frameworks */,
				3F87085F1FE3C69100078CA1 /* Resources */,
				A29CC3134B91B00A55DE414C /* [CP] Embed Pods Frameworks */,
				A7B861025EEE14AC8643C4C6 /* [CP] Copy Pods Resources */,
			);
			buildRules = (
			);
			dependencies = (
				3F8708671FE3C69100078CA1 /* PBXTargetDependency */,
			);
			name = VIAdMobSampleTests;
			productName = VIAdMobSampleTests;
			productReference = 3F8708611FE3C69100078CA1 /* VIAdMobSampleTests.xctest */;
			productType = "com.apple.product-type.bundle.unit-test";
		};
		F2B7D5C61F98B8BA0097D404 /* VIAdMobSample */ = {
			isa = PBXNativeTarget;
			buildConfigurationList = F2B7D5DD1F98B8BA0097D404 /* Build configuration list for PBXNativeTarget "VIAdMobSample" */;
			buildPhases = (
				16FE5F86679E451FE025AA38 /* [CP] Check Pods Manifest.lock */,
				F2B7D5C31F98B8BA0097D404 /* Sources */,
				F2B7D5C41F98B8BA0097D404 /* Frameworks */,
				F2B7D5C51F98B8BA0097D404 /* Resources */,
				56C11A50CD5E0776C6A1E539 /* [CP] Embed Pods Frameworks */,
				46CE3461AC80B73DBBEF3FC9 /* [CP] Copy Pods Resources */,
			);
			buildRules = (
			);
			dependencies = (
			);
			name = VIAdMobSample;
			productName = VIAdMobSample;
			productReference = F2B7D5C71F98B8BA0097D404 /* VIAdMobSample.app */;
			productType = "com.apple.product-type.application";
		};
/* End PBXNativeTarget section */

/* Begin PBXProject section */
		F2B7D5BF1F98B8BA0097D404 /* Project object */ = {
			isa = PBXProject;
			attributes = {
				LastSwiftUpdateCheck = 0920;
				LastUpgradeCheck = 0900;
				ORGANIZATIONNAME = "Vitalii Cherepakha";
				TargetAttributes = {
					3F8708601FE3C69100078CA1 = {
						CreatedOnToolsVersion = 9.2;
						ProvisioningStyle = Automatic;
						TestTargetID = F2B7D5C61F98B8BA0097D404;
					};
					F2B7D5C61F98B8BA0097D404 = {
						CreatedOnToolsVersion = 9.0;
						LastSwiftMigration = 0900;
						ProvisioningStyle = Automatic;
					};
				};
			};
			buildConfigurationList = F2B7D5C21F98B8BA0097D404 /* Build configuration list for PBXProject "VIAdMobSample" */;
			compatibilityVersion = "Xcode 8.0";
			developmentRegion = en;
			hasScannedForEncodings = 0;
			knownRegions = (
				en,
				Base,
			);
			mainGroup = F2B7D5BE1F98B8BA0097D404;
			productRefGroup = F2B7D5C81F98B8BA0097D404 /* Products */;
			projectDirPath = "";
			projectRoot = "";
			targets = (
				F2B7D5C61F98B8BA0097D404 /* VIAdMobSample */,
				3F8708601FE3C69100078CA1 /* VIAdMobSampleTests */,
			);
		};
/* End PBXProject section */

/* Begin PBXResourcesBuildPhase section */
		3F87085F1FE3C69100078CA1 /* Resources */ = {
			isa = PBXResourcesBuildPhase;
			buildActionMask = 2147483647;
			files = (
			);
			runOnlyForDeploymentPostprocessing = 0;
		};
		F2B7D5C51F98B8BA0097D404 /* Resources */ = {
			isa = PBXResourcesBuildPhase;
			buildActionMask = 2147483647;
			files = (
				F2B7D5D71F98B8BA0097D404 /* LaunchScreen.storyboard in Resources */,
				F2B7D5D41F98B8BA0097D404 /* Assets.xcassets in Resources */,
				F2B7D5D21F98B8BA0097D404 /* Main.storyboard in Resources */,
			);
			runOnlyForDeploymentPostprocessing = 0;
		};
/* End PBXResourcesBuildPhase section */

/* Begin PBXShellScriptBuildPhase section */
		16FE5F86679E451FE025AA38 /* [CP] Check Pods Manifest.lock */ = {
			isa = PBXShellScriptBuildPhase;
			buildActionMask = 2147483647;
			files = (
			);
			inputPaths = (
				"${PODS_PODFILE_DIR_PATH}/Podfile.lock",
				"${PODS_ROOT}/Manifest.lock",
			);
			name = "[CP] Check Pods Manifest.lock";
			outputPaths = (
				"$(DERIVED_FILE_DIR)/Pods-VIAdMobSample-checkManifestLockResult.txt",
			);
			runOnlyForDeploymentPostprocessing = 0;
			shellPath = /bin/sh;
			shellScript = "diff \"${PODS_PODFILE_DIR_PATH}/Podfile.lock\" \"${PODS_ROOT}/Manifest.lock\" > /dev/null\nif [ $? != 0 ] ; then\n    # print error to STDERR\n    echo \"error: The sandbox is not in sync with the Podfile.lock. Run 'pod install' or update your CocoaPods installation.\" >&2\n    exit 1\nfi\n# This output is used by Xcode 'outputs' to avoid re-running this script phase.\necho \"SUCCESS\" > \"${SCRIPT_OUTPUT_FILE_0}\"\n";
			showEnvVarsInLog = 0;
		};
		46CE3461AC80B73DBBEF3FC9 /* [CP] Copy Pods Resources */ = {
			isa = PBXShellScriptBuildPhase;
			buildActionMask = 2147483647;
			files = (
			);
			inputPaths = (
			);
			name = "[CP] Copy Pods Resources";
			outputPaths = (
			);
			runOnlyForDeploymentPostprocessing = 0;
			shellPath = /bin/sh;
			shellScript = "\"${SRCROOT}/../Pods/Target Support Files/Pods-VIAdMobSample/Pods-VIAdMobSample-resources.sh\"\n";
			showEnvVarsInLog = 0;
		};
		56C11A50CD5E0776C6A1E539 /* [CP] Embed Pods Frameworks */ = {
			isa = PBXShellScriptBuildPhase;
			buildActionMask = 2147483647;
			files = (
			);
			inputPaths = (
				"${SRCROOT}/../Pods/Target Support Files/Pods-VIAdMobSample/Pods-VIAdMobSample-frameworks.sh",
				"${PODS_ROOT}/VISDK/VISDK/VISDK.framework",
			);
			name = "[CP] Embed Pods Frameworks";
			outputPaths = (
				"${TARGET_BUILD_DIR}/${FRAMEWORKS_FOLDER_PATH}/VISDK.framework",
			);
			runOnlyForDeploymentPostprocessing = 0;
			shellPath = /bin/sh;
			shellScript = "\"${SRCROOT}/../Pods/Target Support Files/Pods-VIAdMobSample/Pods-VIAdMobSample-frameworks.sh\"\n";
			showEnvVarsInLog = 0;
		};
		A29CC3134B91B00A55DE414C /* [CP] Embed Pods Frameworks */ = {
			isa = PBXShellScriptBuildPhase;
			buildActionMask = 2147483647;
			files = (
			);
			inputPaths = (
				"${SRCROOT}/../Pods/Target Support Files/Pods-VIAdMobSampleTests/Pods-VIAdMobSampleTests-frameworks.sh",
				"${PODS_ROOT}/VISDK/VISDK/VISDK.framework",
				"${BUILT_PRODUCTS_DIR}/Nimble/Nimble.framework",
				"${BUILT_PRODUCTS_DIR}/Quick/Quick.framework",
			);
			name = "[CP] Embed Pods Frameworks";
			outputPaths = (
				"${TARGET_BUILD_DIR}/${FRAMEWORKS_FOLDER_PATH}/VISDK.framework",
				"${TARGET_BUILD_DIR}/${FRAMEWORKS_FOLDER_PATH}/Nimble.framework",
				"${TARGET_BUILD_DIR}/${FRAMEWORKS_FOLDER_PATH}/Quick.framework",
			);
			runOnlyForDeploymentPostprocessing = 0;
			shellPath = /bin/sh;
			shellScript = "\"${SRCROOT}/../Pods/Target Support Files/Pods-VIAdMobSampleTests/Pods-VIAdMobSampleTests-frameworks.sh\"\n";
			showEnvVarsInLog = 0;
		};
		A7B861025EEE14AC8643C4C6 /* [CP] Copy Pods Resources */ = {
			isa = PBXShellScriptBuildPhase;
			buildActionMask = 2147483647;
			files = (
			);
			inputPaths = (
			);
			name = "[CP] Copy Pods Resources";
			outputPaths = (
			);
			runOnlyForDeploymentPostprocessing = 0;
			shellPath = /bin/sh;
			shellScript = "\"${SRCROOT}/../Pods/Target Support Files/Pods-VIAdMobSampleTests/Pods-VIAdMobSampleTests-resources.sh\"\n";
			showEnvVarsInLog = 0;
		};
		D5FE0BB51CBB39034E0426FC /* [CP] Check Pods Manifest.lock */ = {
			isa = PBXShellScriptBuildPhase;
			buildActionMask = 2147483647;
			files = (
			);
			inputPaths = (
				"${PODS_PODFILE_DIR_PATH}/Podfile.lock",
				"${PODS_ROOT}/Manifest.lock",
			);
			name = "[CP] Check Pods Manifest.lock";
			outputPaths = (
				"$(DERIVED_FILE_DIR)/Pods-VIAdMobSampleTests-checkManifestLockResult.txt",
			);
			runOnlyForDeploymentPostprocessing = 0;
			shellPath = /bin/sh;
			shellScript = "diff \"${PODS_PODFILE_DIR_PATH}/Podfile.lock\" \"${PODS_ROOT}/Manifest.lock\" > /dev/null\nif [ $? != 0 ] ; then\n    # print error to STDERR\n    echo \"error: The sandbox is not in sync with the Podfile.lock. Run 'pod install' or update your CocoaPods installation.\" >&2\n    exit 1\nfi\n# This output is used by Xcode 'outputs' to avoid re-running this script phase.\necho \"SUCCESS\" > \"${SCRIPT_OUTPUT_FILE_0}\"\n";
			showEnvVarsInLog = 0;
		};
/* End PBXShellScriptBuildPhase section */

/* Begin PBXSourcesBuildPhase section */
		3F87085D1FE3C69100078CA1 /* Sources */ = {
			isa = PBXSourcesBuildPhase;
			buildActionMask = 2147483647;
			files = (
				3F8708641FE3C69100078CA1 /* VIAdMobAdapterSpec.swift in Sources */,
			);
			runOnlyForDeploymentPostprocessing = 0;
		};
		F2B7D5C31F98B8BA0097D404 /* Sources */ = {
			isa = PBXSourcesBuildPhase;
			buildActionMask = 2147483647;
			files = (
				F238BA4A1F98C9B3000DBDFC /* AdMobMediationControllerSwift.swift in Sources */,
				F2B7D5CF1F98B8BA0097D404 /* AdMobMediationControllerObjC.m in Sources */,
				F2B7D5DA1F98B8BA0097D404 /* main.m in Sources */,
				F2B7D5CC1F98B8BA0097D404 /* AppDelegate.m in Sources */,
				F230C3D61F98E4FB005CE051 /* AdMobVIInterstitialAdapter.m in Sources */,
			);
			runOnlyForDeploymentPostprocessing = 0;
		};
/* End PBXSourcesBuildPhase section */

/* Begin PBXTargetDependency section */
		3F8708671FE3C69100078CA1 /* PBXTargetDependency */ = {
			isa = PBXTargetDependency;
			target = F2B7D5C61F98B8BA0097D404 /* VIAdMobSample */;
			targetProxy = 3F8708661FE3C69100078CA1 /* PBXContainerItemProxy */;
		};
/* End PBXTargetDependency section */

/* Begin PBXVariantGroup section */
		F2B7D5D01F98B8BA0097D404 /* Main.storyboard */ = {
			isa = PBXVariantGroup;
			children = (
				F2B7D5D11F98B8BA0097D404 /* Base */,
			);
			name = Main.storyboard;
			sourceTree = "<group>";
		};
		F2B7D5D51F98B8BA0097D404 /* LaunchScreen.storyboard */ = {
			isa = PBXVariantGroup;
			children = (
				F2B7D5D61F98B8BA0097D404 /* Base */,
			);
			name = LaunchScreen.storyboard;
			sourceTree = "<group>";
		};
/* End PBXVariantGroup section */

/* Begin XCBuildConfiguration section */
		3F8708681FE3C69100078CA1 /* Debug */ = {
			isa = XCBuildConfiguration;
			baseConfigurationReference = 5DF9B777BA55E77CA04495EB /* Pods-VIAdMobSampleTests.debug.xcconfig */;
			buildSettings = {
				BUNDLE_LOADER = "$(TEST_HOST)";
				CODE_SIGN_STYLE = Automatic;
				INFOPLIST_FILE = VIAdMobSampleTests/Info.plist;
				IPHONEOS_DEPLOYMENT_TARGET = 11.2;
				LD_RUNPATH_SEARCH_PATHS = "$(inherited) @executable_path/Frameworks @loader_path/Frameworks";
				PRODUCT_BUNDLE_IDENTIFIER = vi.VISDK.VIAdMobSampleTests;
				PRODUCT_NAME = "$(TARGET_NAME)";
				SWIFT_ACTIVE_COMPILATION_CONDITIONS = DEBUG;
				SWIFT_OPTIMIZATION_LEVEL = "-Onone";
				SWIFT_VERSION = 4.0;
				TARGETED_DEVICE_FAMILY = "1,2";
				TEST_HOST = "$(BUILT_PRODUCTS_DIR)/VIAdMobSample.app/VIAdMobSample";
			};
			name = Debug;
		};
		3F8708691FE3C69100078CA1 /* Release */ = {
			isa = XCBuildConfiguration;
			baseConfigurationReference = B28CDF6E5B6FCA301664D85C /* Pods-VIAdMobSampleTests.release.xcconfig */;
			buildSettings = {
				BUNDLE_LOADER = "$(TEST_HOST)";
				CODE_SIGN_STYLE = Automatic;
				INFOPLIST_FILE = VIAdMobSampleTests/Info.plist;
				IPHONEOS_DEPLOYMENT_TARGET = 11.2;
				LD_RUNPATH_SEARCH_PATHS = "$(inherited) @executable_path/Frameworks @loader_path/Frameworks";
				PRODUCT_BUNDLE_IDENTIFIER = vi.VISDK.VIAdMobSampleTests;
				PRODUCT_NAME = "$(TARGET_NAME)";
				SWIFT_OPTIMIZATION_LEVEL = "-Owholemodule";
				SWIFT_VERSION = 4.0;
				TARGETED_DEVICE_FAMILY = "1,2";
				TEST_HOST = "$(BUILT_PRODUCTS_DIR)/VIAdMobSample.app/VIAdMobSample";
			};
			name = Release;
		};
		F2B7D5DB1F98B8BA0097D404 /* Debug */ = {
			isa = XCBuildConfiguration;
			buildSettings = {
				ALWAYS_SEARCH_USER_PATHS = NO;
				CLANG_ANALYZER_NONNULL = YES;
				CLANG_ANALYZER_NUMBER_OBJECT_CONVERSION = YES_AGGRESSIVE;
				CLANG_CXX_LANGUAGE_STANDARD = "gnu++14";
				CLANG_CXX_LIBRARY = "libc++";
				CLANG_ENABLE_MODULES = YES;
				CLANG_ENABLE_OBJC_ARC = YES;
				CLANG_WARN_BLOCK_CAPTURE_AUTORELEASING = YES;
				CLANG_WARN_BOOL_CONVERSION = YES;
				CLANG_WARN_COMMA = YES;
				CLANG_WARN_CONSTANT_CONVERSION = YES;
				CLANG_WARN_DIRECT_OBJC_ISA_USAGE = YES_ERROR;
				CLANG_WARN_DOCUMENTATION_COMMENTS = YES;
				CLANG_WARN_EMPTY_BODY = YES;
				CLANG_WARN_ENUM_CONVERSION = YES;
				CLANG_WARN_INFINITE_RECURSION = YES;
				CLANG_WARN_INT_CONVERSION = YES;
				CLANG_WARN_NON_LITERAL_NULL_CONVERSION = YES;
				CLANG_WARN_OBJC_LITERAL_CONVERSION = YES;
				CLANG_WARN_OBJC_ROOT_CLASS = YES_ERROR;
				CLANG_WARN_RANGE_LOOP_ANALYSIS = YES;
				CLANG_WARN_STRICT_PROTOTYPES = YES;
				CLANG_WARN_SUSPICIOUS_MOVE = YES;
				CLANG_WARN_UNGUARDED_AVAILABILITY = YES_AGGRESSIVE;
				CLANG_WARN_UNREACHABLE_CODE = YES;
				CLANG_WARN__DUPLICATE_METHOD_MATCH = YES;
				CODE_SIGN_IDENTITY = "iPhone Developer";
				COPY_PHASE_STRIP = NO;
				DEBUG_INFORMATION_FORMAT = dwarf;
				ENABLE_STRICT_OBJC_MSGSEND = YES;
				ENABLE_TESTABILITY = YES;
				GCC_C_LANGUAGE_STANDARD = gnu11;
				GCC_DYNAMIC_NO_PIC = NO;
				GCC_NO_COMMON_BLOCKS = YES;
				GCC_OPTIMIZATION_LEVEL = 0;
				GCC_PREPROCESSOR_DEFINITIONS = (
					"DEBUG=1",
					"$(inherited)",
				);
				GCC_WARN_64_TO_32_BIT_CONVERSION = YES;
				GCC_WARN_ABOUT_RETURN_TYPE = YES_ERROR;
				GCC_WARN_UNDECLARED_SELECTOR = YES;
				GCC_WARN_UNINITIALIZED_AUTOS = YES_AGGRESSIVE;
				GCC_WARN_UNUSED_FUNCTION = YES;
				GCC_WARN_UNUSED_VARIABLE = YES;
				IPHONEOS_DEPLOYMENT_TARGET = 11.0;
				MTL_ENABLE_DEBUG_INFO = YES;
				ONLY_ACTIVE_ARCH = YES;
				SDKROOT = iphoneos;
			};
			name = Debug;
		};
		F2B7D5DC1F98B8BA0097D404 /* Release */ = {
			isa = XCBuildConfiguration;
			buildSettings = {
				ALWAYS_SEARCH_USER_PATHS = NO;
				CLANG_ANALYZER_NONNULL = YES;
				CLANG_ANALYZER_NUMBER_OBJECT_CONVERSION = YES_AGGRESSIVE;
				CLANG_CXX_LANGUAGE_STANDARD = "gnu++14";
				CLANG_CXX_LIBRARY = "libc++";
				CLANG_ENABLE_MODULES = YES;
				CLANG_ENABLE_OBJC_ARC = YES;
				CLANG_WARN_BLOCK_CAPTURE_AUTORELEASING = YES;
				CLANG_WARN_BOOL_CONVERSION = YES;
				CLANG_WARN_COMMA = YES;
				CLANG_WARN_CONSTANT_CONVERSION = YES;
				CLANG_WARN_DIRECT_OBJC_ISA_USAGE = YES_ERROR;
				CLANG_WARN_DOCUMENTATION_COMMENTS = YES;
				CLANG_WARN_EMPTY_BODY = YES;
				CLANG_WARN_ENUM_CONVERSION = YES;
				CLANG_WARN_INFINITE_RECURSION = YES;
				CLANG_WARN_INT_CONVERSION = YES;
				CLANG_WARN_NON_LITERAL_NULL_CONVERSION = YES;
				CLANG_WARN_OBJC_LITERAL_CONVERSION = YES;
				CLANG_WARN_OBJC_ROOT_CLASS = YES_ERROR;
				CLANG_WARN_RANGE_LOOP_ANALYSIS = YES;
				CLANG_WARN_STRICT_PROTOTYPES = YES;
				CLANG_WARN_SUSPICIOUS_MOVE = YES;
				CLANG_WARN_UNGUARDED_AVAILABILITY = YES_AGGRESSIVE;
				CLANG_WARN_UNREACHABLE_CODE = YES;
				CLANG_WARN__DUPLICATE_METHOD_MATCH = YES;
				CODE_SIGN_IDENTITY = "iPhone Developer";
				COPY_PHASE_STRIP = NO;
				DEBUG_INFORMATION_FORMAT = "dwarf-with-dsym";
				ENABLE_NS_ASSERTIONS = NO;
				ENABLE_STRICT_OBJC_MSGSEND = YES;
				GCC_C_LANGUAGE_STANDARD = gnu11;
				GCC_NO_COMMON_BLOCKS = YES;
				GCC_WARN_64_TO_32_BIT_CONVERSION = YES;
				GCC_WARN_ABOUT_RETURN_TYPE = YES_ERROR;
				GCC_WARN_UNDECLARED_SELECTOR = YES;
				GCC_WARN_UNINITIALIZED_AUTOS = YES_AGGRESSIVE;
				GCC_WARN_UNUSED_FUNCTION = YES;
				GCC_WARN_UNUSED_VARIABLE = YES;
				IPHONEOS_DEPLOYMENT_TARGET = 11.0;
				MTL_ENABLE_DEBUG_INFO = NO;
				SDKROOT = iphoneos;
				VALIDATE_PRODUCT = YES;
			};
			name = Release;
		};
		F2B7D5DE1F98B8BA0097D404 /* Debug */ = {
			isa = XCBuildConfiguration;
			baseConfigurationReference = B86F69D18C3063EBC05A7C7A /* Pods-VIAdMobSample.debug.xcconfig */;
			buildSettings = {
				ASSETCATALOG_COMPILER_APPICON_NAME = AppIcon;
				CLANG_ENABLE_MODULES = YES;
				CODE_SIGN_STYLE = Automatic;
				DEVELOPMENT_TEAM = MF65X7VRCE;
				INFOPLIST_FILE = VIAdMobSample/Info.plist;
				LD_RUNPATH_SEARCH_PATHS = "$(inherited) @executable_path/Frameworks";
				PRODUCT_BUNDLE_IDENTIFIER = ai.vi.mobileads.ios.internalsample;
				PRODUCT_NAME = "$(TARGET_NAME)";
				SWIFT_OBJC_BRIDGING_HEADER = "VIAdMobSample/VIAdMobSample-Bridging-Header.h";
				SWIFT_OPTIMIZATION_LEVEL = "-Onone";
				SWIFT_VERSION = 3.0;
				TARGETED_DEVICE_FAMILY = "1,2";
			};
			name = Debug;
		};
		F2B7D5DF1F98B8BA0097D404 /* Release */ = {
			isa = XCBuildConfiguration;
			baseConfigurationReference = 461A7EC9C045265564D18289 /* Pods-VIAdMobSample.release.xcconfig */;
			buildSettings = {
				ASSETCATALOG_COMPILER_APPICON_NAME = AppIcon;
				CLANG_ENABLE_MODULES = YES;
				CODE_SIGN_STYLE = Automatic;
				DEVELOPMENT_TEAM = MF65X7VRCE;
				INFOPLIST_FILE = VIAdMobSample/Info.plist;
				LD_RUNPATH_SEARCH_PATHS = "$(inherited) @executable_path/Frameworks";
				PRODUCT_BUNDLE_IDENTIFIER = ai.vi.mobileads.ios.internalsample;
				PRODUCT_NAME = "$(TARGET_NAME)";
				SWIFT_OBJC_BRIDGING_HEADER = "VIAdMobSample/VIAdMobSample-Bridging-Header.h";
				SWIFT_VERSION = 3.0;
				TARGETED_DEVICE_FAMILY = "1,2";
			};
			name = Release;
		};
/* End XCBuildConfiguration section */

/* Begin XCConfigurationList section */
		3F87086A1FE3C69100078CA1 /* Build configuration list for PBXNativeTarget "VIAdMobSampleTests" */ = {
			isa = XCConfigurationList;
			buildConfigurations = (
				3F8708681FE3C69100078CA1 /* Debug */,
				3F8708691FE3C69100078CA1 /* Release */,
			);
			defaultConfigurationIsVisible = 0;
			defaultConfigurationName = Release;
		};
		F2B7D5C21F98B8BA0097D404 /* Build configuration list for PBXProject "VIAdMobSample" */ = {
			isa = XCConfigurationList;
			buildConfigurations = (
				F2B7D5DB1F98B8BA0097D404 /* Debug */,
				F2B7D5DC1F98B8BA0097D404 /* Release */,
			);
			defaultConfigurationIsVisible = 0;
			defaultConfigurationName = Release;
		};
		F2B7D5DD1F98B8BA0097D404 /* Build configuration list for PBXNativeTarget "VIAdMobSample" */ = {
			isa = XCConfigurationList;
			buildConfigurations = (
				F2B7D5DE1F98B8BA0097D404 /* Debug */,
				F2B7D5DF1F98B8BA0097D404 /* Release */,
			);
			defaultConfigurationIsVisible = 0;
			defaultConfigurationName = Release;
		};
/* End XCConfigurationList section */
	};
	rootObject = F2B7D5BF1F98B8BA0097D404 /* Project object */;
}
