// !$*UTF8*$!
{
	archiveVersion = 1;
	classes = {
	};
	objectVersion = 48;
	objects = {

/* Begin PBXBuildFile section */
		757761B5BB42065FFE2F558D /* Pods_VIMopubSample.framework in Frameworks */ = {isa = PBXBuildFile; fileRef = BDC8C7E59D7D663A7D434634 /* Pods_VIMopubSample.framework */; };
		F230C3E51F99DF41005CE051 /* AppDelegate.m in Sources */ = {isa = PBXBuildFile; fileRef = F230C3E41F99DF41005CE051 /* AppDelegate.m */; };
		F230C3E81F99DF41005CE051 /* MopubMediationControllerObjC.m in Sources */ = {isa = PBXBuildFile; fileRef = F230C3E71F99DF41005CE051 /* MopubMediationControllerObjC.m */; };
		F230C3EB1F99DF41005CE051 /* Main.storyboard in Resources */ = {isa = PBXBuildFile; fileRef = F230C3E91F99DF41005CE051 /* Main.storyboard */; };
		F230C3ED1F99DF41005CE051 /* Assets.xcassets in Resources */ = {isa = PBXBuildFile; fileRef = F230C3EC1F99DF41005CE051 /* Assets.xcassets */; };
		F230C3F01F99DF41005CE051 /* LaunchScreen.storyboard in Resources */ = {isa = PBXBuildFile; fileRef = F230C3EE1F99DF41005CE051 /* LaunchScreen.storyboard */; };
		F230C3F31F99DF41005CE051 /* main.m in Sources */ = {isa = PBXBuildFile; fileRef = F230C3F21F99DF41005CE051 /* main.m */; };
		F230C3FD1F99E398005CE051 /* MopubVIInterstitialAdapter.m in Sources */ = {isa = PBXBuildFile; fileRef = F230C3FB1F99E391005CE051 /* MopubVIInterstitialAdapter.m */; };
		F230C4001F99F052005CE051 /* MopubMediationControllerSwift.swift in Sources */ = {isa = PBXBuildFile; fileRef = F230C3FF1F99F052005CE051 /* MopubMediationControllerSwift.swift */; };
/* End PBXBuildFile section */

/* Begin PBXFileReference section */
		5C02447C16A668C5062309CB /* Pods-VIMopubSample.release.xcconfig */ = {isa = PBXFileReference; includeInIndex = 1; lastKnownFileType = text.xcconfig; name = "Pods-VIMopubSample.release.xcconfig"; path = "../Pods/Target Support Files/Pods-VIMopubSample/Pods-VIMopubSample.release.xcconfig"; sourceTree = "<group>"; };
		7908DB10B36E59AE9D94C79F /* Pods-VIMopubSample.debug.xcconfig */ = {isa = PBXFileReference; includeInIndex = 1; lastKnownFileType = text.xcconfig; name = "Pods-VIMopubSample.debug.xcconfig"; path = "../Pods/Target Support Files/Pods-VIMopubSample/Pods-VIMopubSample.debug.xcconfig"; sourceTree = "<group>"; };
		BDC8C7E59D7D663A7D434634 /* Pods_VIMopubSample.framework */ = {isa = PBXFileReference; explicitFileType = wrapper.framework; includeInIndex = 0; path = Pods_VIMopubSample.framework; sourceTree = BUILT_PRODUCTS_DIR; };
		F230C3E01F99DF41005CE051 /* VIMopubSample.app */ = {isa = PBXFileReference; explicitFileType = wrapper.application; includeInIndex = 0; path = VIMopubSample.app; sourceTree = BUILT_PRODUCTS_DIR; };
		F230C3E31F99DF41005CE051 /* AppDelegate.h */ = {isa = PBXFileReference; lastKnownFileType = sourcecode.c.h; path = AppDelegate.h; sourceTree = "<group>"; };
		F230C3E41F99DF41005CE051 /* AppDelegate.m */ = {isa = PBXFileReference; lastKnownFileType = sourcecode.c.objc; path = AppDelegate.m; sourceTree = "<group>"; };
		F230C3E61F99DF41005CE051 /* MopubMediationControllerObjC.h */ = {isa = PBXFileReference; lastKnownFileType = sourcecode.c.h; path = MopubMediationControllerObjC.h; sourceTree = "<group>"; };
		F230C3E71F99DF41005CE051 /* MopubMediationControllerObjC.m */ = {isa = PBXFileReference; lastKnownFileType = sourcecode.c.objc; path = MopubMediationControllerObjC.m; sourceTree = "<group>"; };
		F230C3EA1F99DF41005CE051 /* Base */ = {isa = PBXFileReference; lastKnownFileType = file.storyboard; name = Base; path = Base.lproj/Main.storyboard; sourceTree = "<group>"; };
		F230C3EC1F99DF41005CE051 /* Assets.xcassets */ = {isa = PBXFileReference; lastKnownFileType = folder.assetcatalog; path = Assets.xcassets; sourceTree = "<group>"; };
		F230C3EF1F99DF41005CE051 /* Base */ = {isa = PBXFileReference; lastKnownFileType = file.storyboard; name = Base; path = Base.lproj/LaunchScreen.storyboard; sourceTree = "<group>"; };
		F230C3F11F99DF41005CE051 /* Info.plist */ = {isa = PBXFileReference; lastKnownFileType = text.plist.xml; path = Info.plist; sourceTree = "<group>"; };
		F230C3F21F99DF41005CE051 /* main.m */ = {isa = PBXFileReference; lastKnownFileType = sourcecode.c.objc; path = main.m; sourceTree = "<group>"; };
		F230C3FB1F99E391005CE051 /* MopubVIInterstitialAdapter.m */ = {isa = PBXFileReference; lastKnownFileType = sourcecode.c.objc; path = MopubVIInterstitialAdapter.m; sourceTree = "<group>"; };
		F230C3FC1F99E391005CE051 /* MopubVIInterstitialAdapter.h */ = {isa = PBXFileReference; lastKnownFileType = sourcecode.c.h; path = MopubVIInterstitialAdapter.h; sourceTree = "<group>"; };
		F230C3FE1F99F052005CE051 /* VIMopubSample-Bridging-Header.h */ = {isa = PBXFileReference; lastKnownFileType = sourcecode.c.h; path = "VIMopubSample-Bridging-Header.h"; sourceTree = "<group>"; };
		F230C3FF1F99F052005CE051 /* MopubMediationControllerSwift.swift */ = {isa = PBXFileReference; lastKnownFileType = sourcecode.swift; path = MopubMediationControllerSwift.swift; sourceTree = "<group>"; };
/* End PBXFileReference section */

/* Begin PBXFrameworksBuildPhase section */
		F230C3DD1F99DF41005CE051 /* Frameworks */ = {
			isa = PBXFrameworksBuildPhase;
			buildActionMask = 2147483647;
			files = (
				757761B5BB42065FFE2F558D /* Pods_VIMopubSample.framework in Frameworks */,
			);
			runOnlyForDeploymentPostprocessing = 0;
		};
/* End PBXFrameworksBuildPhase section */

/* Begin PBXGroup section */
		0C2BFE82E20C2EEE3289089A /* Frameworks */ = {
			isa = PBXGroup;
			children = (
				BDC8C7E59D7D663A7D434634 /* Pods_VIMopubSample.framework */,
			);
			name = Frameworks;
			sourceTree = "<group>";
		};
		5783F3B92298AA5ACCD3AE83 /* Pods */ = {
			isa = PBXGroup;
			children = (
				7908DB10B36E59AE9D94C79F /* Pods-VIMopubSample.debug.xcconfig */,
				5C02447C16A668C5062309CB /* Pods-VIMopubSample.release.xcconfig */,
			);
			name = Pods;
			sourceTree = "<group>";
		};
		F230C3D71F99DF41005CE051 = {
			isa = PBXGroup;
			children = (
				F230C3E21F99DF41005CE051 /* VIMopubSample */,
				F230C3E11F99DF41005CE051 /* Products */,
				5783F3B92298AA5ACCD3AE83 /* Pods */,
				0C2BFE82E20C2EEE3289089A /* Frameworks */,
			);
			sourceTree = "<group>";
		};
		F230C3E11F99DF41005CE051 /* Products */ = {
			isa = PBXGroup;
			children = (
				F230C3E01F99DF41005CE051 /* VIMopubSample.app */,
			);
			name = Products;
			sourceTree = "<group>";
		};
		F230C3E21F99DF41005CE051 /* VIMopubSample */ = {
			isa = PBXGroup;
			children = (
				F230C3F91F99E391005CE051 /* MopubVIMediation */,
				F230C3E31F99DF41005CE051 /* AppDelegate.h */,
				F230C3E41F99DF41005CE051 /* AppDelegate.m */,
				F230C3E61F99DF41005CE051 /* MopubMediationControllerObjC.h */,
				F230C3E71F99DF41005CE051 /* MopubMediationControllerObjC.m */,
				F230C3FF1F99F052005CE051 /* MopubMediationControllerSwift.swift */,
				F230C3E91F99DF41005CE051 /* Main.storyboard */,
				F230C3EC1F99DF41005CE051 /* Assets.xcassets */,
				F230C3EE1F99DF41005CE051 /* LaunchScreen.storyboard */,
				F230C3F11F99DF41005CE051 /* Info.plist */,
				F230C3F21F99DF41005CE051 /* main.m */,
				F230C3FE1F99F052005CE051 /* VIMopubSample-Bridging-Header.h */,
			);
			path = VIMopubSample;
			sourceTree = "<group>";
		};
		F230C3F91F99E391005CE051 /* MopubVIMediation */ = {
			isa = PBXGroup;
			children = (
				F230C3FA1F99E391005CE051 /* Source */,
			);
			path = MopubVIMediation;
			sourceTree = "<group>";
		};
		F230C3FA1F99E391005CE051 /* Source */ = {
			isa = PBXGroup;
			children = (
				F230C3FC1F99E391005CE051 /* MopubVIInterstitialAdapter.h */,
				F230C3FB1F99E391005CE051 /* MopubVIInterstitialAdapter.m */,
			);
			path = Source;
			sourceTree = "<group>";
		};
/* End PBXGroup section */

/* Begin PBXNativeTarget section */
		F230C3DF1F99DF41005CE051 /* VIMopubSample */ = {
			isa = PBXNativeTarget;
			buildConfigurationList = F230C3F61F99DF41005CE051 /* Build configuration list for PBXNativeTarget "VIMopubSample" */;
			buildPhases = (
				1FC18EC9B85858AA5230DBAE /* [CP] Check Pods Manifest.lock */,
				F230C3DC1F99DF41005CE051 /* Sources */,
				F230C3DD1F99DF41005CE051 /* Frameworks */,
				F230C3DE1F99DF41005CE051 /* Resources */,
				A3904A0E8C20F3661716115D /* [CP] Embed Pods Frameworks */,
				8E68026921B9A67996CD9A0C /* [CP] Copy Pods Resources */,
			);
			buildRules = (
			);
			dependencies = (
			);
			name = VIMopubSample;
			productName = VIMopubSample;
			productReference = F230C3E01F99DF41005CE051 /* VIMopubSample.app */;
			productType = "com.apple.product-type.application";
		};
/* End PBXNativeTarget section */

/* Begin PBXProject section */
		F230C3D81F99DF41005CE051 /* Project object */ = {
			isa = PBXProject;
			attributes = {
				LastUpgradeCheck = 0900;
				ORGANIZATIONNAME = "Vitalii Cherepakha";
				TargetAttributes = {
					F230C3DF1F99DF41005CE051 = {
						CreatedOnToolsVersion = 9.0;
						LastSwiftMigration = 0900;
						ProvisioningStyle = Automatic;
					};
				};
			};
			buildConfigurationList = F230C3DB1F99DF41005CE051 /* Build configuration list for PBXProject "VIMopubSample" */;
			compatibilityVersion = "Xcode 8.0";
			developmentRegion = en;
			hasScannedForEncodings = 0;
			knownRegions = (
				en,
				Base,
			);
			mainGroup = F230C3D71F99DF41005CE051;
			productRefGroup = F230C3E11F99DF41005CE051 /* Products */;
			projectDirPath = "";
			projectRoot = "";
			targets = (
				F230C3DF1F99DF41005CE051 /* VIMopubSample */,
			);
		};
/* End PBXProject section */

/* Begin PBXResourcesBuildPhase section */
		F230C3DE1F99DF41005CE051 /* Resources */ = {
			isa = PBXResourcesBuildPhase;
			buildActionMask = 2147483647;
			files = (
				F230C3F01F99DF41005CE051 /* LaunchScreen.storyboard in Resources */,
				F230C3ED1F99DF41005CE051 /* Assets.xcassets in Resources */,
				F230C3EB1F99DF41005CE051 /* Main.storyboard in Resources */,
			);
			runOnlyForDeploymentPostprocessing = 0;
		};
/* End PBXResourcesBuildPhase section */

/* Begin PBXShellScriptBuildPhase section */
		1FC18EC9B85858AA5230DBAE /* [CP] Check Pods Manifest.lock */ = {
			isa = PBXShellScriptBuildPhase;
			buildActionMask = 2147483647;
			files = (
			);
			inputPaths = (
				"${PODS_PODFILE_DIR_PATH}/Podfile.lock",
				"${PODS_ROOT}/Manifest.lock",
			);
			name = "[CP] Check Pods Manifest.lock";
			outputPaths = (
				"$(DERIVED_FILE_DIR)/Pods-VIMopubSample-checkManifestLockResult.txt",
			);
			runOnlyForDeploymentPostprocessing = 0;
			shellPath = /bin/sh;
			shellScript = "diff \"${PODS_PODFILE_DIR_PATH}/Podfile.lock\" \"${PODS_ROOT}/Manifest.lock\" > /dev/null\nif [ $? != 0 ] ; then\n    # print error to STDERR\n    echo \"error: The sandbox is not in sync with the Podfile.lock. Run 'pod install' or update your CocoaPods installation.\" >&2\n    exit 1\nfi\n# This output is used by Xcode 'outputs' to avoid re-running this script phase.\necho \"SUCCESS\" > \"${SCRIPT_OUTPUT_FILE_0}\"\n";
			showEnvVarsInLog = 0;
		};
		8E68026921B9A67996CD9A0C /* [CP] Copy Pods Resources */ = {
			isa = PBXShellScriptBuildPhase;
			buildActionMask = 2147483647;
			files = (
			);
			inputPaths = (
			);
			name = "[CP] Copy Pods Resources";
			outputPaths = (
			);
			runOnlyForDeploymentPostprocessing = 0;
			shellPath = /bin/sh;
			shellScript = "\"${SRCROOT}/../Pods/Target Support Files/Pods-VIMopubSample/Pods-VIMopubSample-resources.sh\"\n";
			showEnvVarsInLog = 0;
		};
		A3904A0E8C20F3661716115D /* [CP] Embed Pods Frameworks */ = {
			isa = PBXShellScriptBuildPhase;
			buildActionMask = 2147483647;
			files = (
			);
			inputPaths = (
				"${SRCROOT}/../Pods/Target Support Files/Pods-VIMopubSample/Pods-VIMopubSample-frameworks.sh",
				"${PODS_ROOT}/VISDK/VISDK/VISDK.framework",
				"${BUILT_PRODUCTS_DIR}/mopub-ios-sdk/MoPub.framework",
			);
			name = "[CP] Embed Pods Frameworks";
			outputPaths = (
				"${TARGET_BUILD_DIR}/${FRAMEWORKS_FOLDER_PATH}/VISDK.framework",
				"${TARGET_BUILD_DIR}/${FRAMEWORKS_FOLDER_PATH}/MoPub.framework",
			);
			runOnlyForDeploymentPostprocessing = 0;
			shellPath = /bin/sh;
			shellScript = "\"${SRCROOT}/../Pods/Target Support Files/Pods-VIMopubSample/Pods-VIMopubSample-frameworks.sh\"\n";
			showEnvVarsInLog = 0;
		};
/* End PBXShellScriptBuildPhase section */

/* Begin PBXSourcesBuildPhase section */
		F230C3DC1F99DF41005CE051 /* Sources */ = {
			isa = PBXSourcesBuildPhase;
			buildActionMask = 2147483647;
			files = (
				F230C3E81F99DF41005CE051 /* MopubMediationControllerObjC.m in Sources */,
				F230C3F31F99DF41005CE051 /* main.m in Sources */,
				F230C3FD1F99E398005CE051 /* MopubVIInterstitialAdapter.m in Sources */,
				F230C4001F99F052005CE051 /* MopubMediationControllerSwift.swift in Sources */,
				F230C3E51F99DF41005CE051 /* AppDelegate.m in Sources */,
			);
			runOnlyForDeploymentPostprocessing = 0;
		};
/* End PBXSourcesBuildPhase section */

/* Begin PBXVariantGroup section */
		F230C3E91F99DF41005CE051 /* Main.storyboard */ = {
			isa = PBXVariantGroup;
			children = (
				F230C3EA1F99DF41005CE051 /* Base */,
			);
			name = Main.storyboard;
			sourceTree = "<group>";
		};
		F230C3EE1F99DF41005CE051 /* LaunchScreen.storyboard */ = {
			isa = PBXVariantGroup;
			children = (
				F230C3EF1F99DF41005CE051 /* Base */,
			);
			name = LaunchScreen.storyboard;
			sourceTree = "<group>";
		};
/* End PBXVariantGroup section */

/* Begin XCBuildConfiguration section */
		F230C3F41F99DF41005CE051 /* Debug */ = {
			isa = XCBuildConfiguration;
			buildSettings = {
				ALWAYS_SEARCH_USER_PATHS = NO;
				CLANG_ANALYZER_NONNULL = YES;
				CLANG_ANALYZER_NUMBER_OBJECT_CONVERSION = YES_AGGRESSIVE;
				CLANG_CXX_LANGUAGE_STANDARD = "gnu++14";
				CLANG_CXX_LIBRARY = "libc++";
				CLANG_ENABLE_MODULES = YES;
				CLANG_ENABLE_OBJC_ARC = YES;
				CLANG_WARN_BLOCK_CAPTURE_AUTORELEASING = YES;
				CLANG_WARN_BOOL_CONVERSION = YES;
				CLANG_WARN_COMMA = YES;
				CLANG_WARN_CONSTANT_CONVERSION = YES;
				CLANG_WARN_DIRECT_OBJC_ISA_USAGE = YES_ERROR;
				CLANG_WARN_DOCUMENTATION_COMMENTS = YES;
				CLANG_WARN_EMPTY_BODY = YES;
				CLANG_WARN_ENUM_CONVERSION = YES;
				CLANG_WARN_INFINITE_RECURSION = YES;
				CLANG_WARN_INT_CONVERSION = YES;
				CLANG_WARN_NON_LITERAL_NULL_CONVERSION = YES;
				CLANG_WARN_OBJC_LITERAL_CONVERSION = YES;
				CLANG_WARN_OBJC_ROOT_CLASS = YES_ERROR;
				CLANG_WARN_RANGE_LOOP_ANALYSIS = YES;
				CLANG_WARN_STRICT_PROTOTYPES = YES;
				CLANG_WARN_SUSPICIOUS_MOVE = YES;
				CLANG_WARN_UNGUARDED_AVAILABILITY = YES_AGGRESSIVE;
				CLANG_WARN_UNREACHABLE_CODE = YES;
				CLANG_WARN__DUPLICATE_METHOD_MATCH = YES;
				CODE_SIGN_IDENTITY = "iPhone Developer";
				COPY_PHASE_STRIP = NO;
				DEBUG_INFORMATION_FORMAT = dwarf;
				ENABLE_STRICT_OBJC_MSGSEND = YES;
				ENABLE_TESTABILITY = YES;
				GCC_C_LANGUAGE_STANDARD = gnu11;
				GCC_DYNAMIC_NO_PIC = NO;
				GCC_NO_COMMON_BLOCKS = YES;
				GCC_OPTIMIZATION_LEVEL = 0;
				GCC_PREPROCESSOR_DEFINITIONS = (
					"DEBUG=1",
					"$(inherited)",
				);
				GCC_WARN_64_TO_32_BIT_CONVERSION = YES;
				GCC_WARN_ABOUT_RETURN_TYPE = YES_ERROR;
				GCC_WARN_UNDECLARED_SELECTOR = YES;
				GCC_WARN_UNINITIALIZED_AUTOS = YES_AGGRESSIVE;
				GCC_WARN_UNUSED_FUNCTION = YES;
				GCC_WARN_UNUSED_VARIABLE = YES;
				IPHONEOS_DEPLOYMENT_TARGET = 11.0;
				MTL_ENABLE_DEBUG_INFO = YES;
				ONLY_ACTIVE_ARCH = YES;
				SDKROOT = iphoneos;
			};
			name = Debug;
		};
		F230C3F51F99DF41005CE051 /* Release */ = {
			isa = XCBuildConfiguration;
			buildSettings = {
				ALWAYS_SEARCH_USER_PATHS = NO;
				CLANG_ANALYZER_NONNULL = YES;
				CLANG_ANALYZER_NUMBER_OBJECT_CONVERSION = YES_AGGRESSIVE;
				CLANG_CXX_LANGUAGE_STANDARD = "gnu++14";
				CLANG_CXX_LIBRARY = "libc++";
				CLANG_ENABLE_MODULES = YES;
				CLANG_ENABLE_OBJC_ARC = YES;
				CLANG_WARN_BLOCK_CAPTURE_AUTORELEASING = YES;
				CLANG_WARN_BOOL_CONVERSION = YES;
				CLANG_WARN_COMMA = YES;
				CLANG_WARN_CONSTANT_CONVERSION = YES;
				CLANG_WARN_DIRECT_OBJC_ISA_USAGE = YES_ERROR;
				CLANG_WARN_DOCUMENTATION_COMMENTS = YES;
				CLANG_WARN_EMPTY_BODY = YES;
				CLANG_WARN_ENUM_CONVERSION = YES;
				CLANG_WARN_INFINITE_RECURSION = YES;
				CLANG_WARN_INT_CONVERSION = YES;
				CLANG_WARN_NON_LITERAL_NULL_CONVERSION = YES;
				CLANG_WARN_OBJC_LITERAL_CONVERSION = YES;
				CLANG_WARN_OBJC_ROOT_CLASS = YES_ERROR;
				CLANG_WARN_RANGE_LOOP_ANALYSIS = YES;
				CLANG_WARN_STRICT_PROTOTYPES = YES;
				CLANG_WARN_SUSPICIOUS_MOVE = YES;
				CLANG_WARN_UNGUARDED_AVAILABILITY = YES_AGGRESSIVE;
				CLANG_WARN_UNREACHABLE_CODE = YES;
				CLANG_WARN__DUPLICATE_METHOD_MATCH = YES;
				CODE_SIGN_IDENTITY = "iPhone Developer";
				COPY_PHASE_STRIP = NO;
				DEBUG_INFORMATION_FORMAT = "dwarf-with-dsym";
				ENABLE_NS_ASSERTIONS = NO;
				ENABLE_STRICT_OBJC_MSGSEND = YES;
				GCC_C_LANGUAGE_STANDARD = gnu11;
				GCC_NO_COMMON_BLOCKS = YES;
				GCC_WARN_64_TO_32_BIT_CONVERSION = YES;
				GCC_WARN_ABOUT_RETURN_TYPE = YES_ERROR;
				GCC_WARN_UNDECLARED_SELECTOR = YES;
				GCC_WARN_UNINITIALIZED_AUTOS = YES_AGGRESSIVE;
				GCC_WARN_UNUSED_FUNCTION = YES;
				GCC_WARN_UNUSED_VARIABLE = YES;
				IPHONEOS_DEPLOYMENT_TARGET = 11.0;
				MTL_ENABLE_DEBUG_INFO = NO;
				SDKROOT = iphoneos;
				VALIDATE_PRODUCT = YES;
			};
			name = Release;
		};
		F230C3F71F99DF41005CE051 /* Debug */ = {
			isa = XCBuildConfiguration;
			baseConfigurationReference = 7908DB10B36E59AE9D94C79F /* Pods-VIMopubSample.debug.xcconfig */;
			buildSettings = {
				ASSETCATALOG_COMPILER_APPICON_NAME = AppIcon;
				CLANG_ENABLE_MODULES = YES;
				CODE_SIGN_STYLE = Automatic;
				DEVELOPMENT_TEAM = MF65X7VRCE;
				INFOPLIST_FILE = VIMopubSample/Info.plist;
				LD_RUNPATH_SEARCH_PATHS = "$(inherited) @executable_path/Frameworks";
				PRODUCT_BUNDLE_IDENTIFIER = vi.VIMopubSample;
				PRODUCT_NAME = "$(TARGET_NAME)";
				SWIFT_OBJC_BRIDGING_HEADER = "VIMopubSample/VIMopubSample-Bridging-Header.h";
				SWIFT_OPTIMIZATION_LEVEL = "-Onone";
				SWIFT_VERSION = 3.0;
				TARGETED_DEVICE_FAMILY = "1,2";
			};
			name = Debug;
		};
		F230C3F81F99DF41005CE051 /* Release */ = {
			isa = XCBuildConfiguration;
			baseConfigurationReference = 5C02447C16A668C5062309CB /* Pods-VIMopubSample.release.xcconfig */;
			buildSettings = {
				ASSETCATALOG_COMPILER_APPICON_NAME = AppIcon;
				CLANG_ENABLE_MODULES = YES;
				CODE_SIGN_STYLE = Automatic;
				DEVELOPMENT_TEAM = MF65X7VRCE;
				INFOPLIST_FILE = VIMopubSample/Info.plist;
				LD_RUNPATH_SEARCH_PATHS = "$(inherited) @executable_path/Frameworks";
				PRODUCT_BUNDLE_IDENTIFIER = vi.VIMopubSample;
				PRODUCT_NAME = "$(TARGET_NAME)";
				SWIFT_OBJC_BRIDGING_HEADER = "VIMopubSample/VIMopubSample-Bridging-Header.h";
				SWIFT_VERSION = 3.0;
				TARGETED_DEVICE_FAMILY = "1,2";
			};
			name = Release;
		};
/* End XCBuildConfiguration section */

/* Begin XCConfigurationList section */
		F230C3DB1F99DF41005CE051 /* Build configuration list for PBXProject "VIMopubSample" */ = {
			isa = XCConfigurationList;
			buildConfigurations = (
				F230C3F41F99DF41005CE051 /* Debug */,
				F230C3F51F99DF41005CE051 /* Release */,
			);
			defaultConfigurationIsVisible = 0;
			defaultConfigurationName = Release;
		};
		F230C3F61F99DF41005CE051 /* Build configuration list for PBXNativeTarget "VIMopubSample" */ = {
			isa = XCConfigurationList;
			buildConfigurations = (
				F230C3F71F99DF41005CE051 /* Debug */,
				F230C3F81F99DF41005CE051 /* Release */,
			);
			defaultConfigurationIsVisible = 0;
			defaultConfigurationName = Release;
		};
/* End XCConfigurationList section */
	};
	rootObject = F230C3D81F99DF41005CE051 /* Project object */;
}
