// !$*UTF8*$!
{
	archiveVersion = 1;
	classes = {
	};
	objectVersion = 48;
	objects = {

/* Begin PBXBuildFile section */
		15CA24A3F02B279EB5125711 /* Pods_VIADSample.framework in Frameworks */ = {isa = PBXBuildFile; fileRef = 07D000D5BA38B25C377993BD /* Pods_VIADSample.framework */; };
		E0B0103E4C857AC37C839BE1 /* Pods_VIFBSample.framework in Frameworks */ = {isa = PBXBuildFile; fileRef = 0DFCE493E2F6B94545F102BB /* Pods_VIFBSample.framework */; };
		F230C40F1F99F6D1005CE051 /* AppDelegate.m in Sources */ = {isa = PBXBuildFile; fileRef = F230C40E1F99F6D1005CE051 /* AppDelegate.m */; };
		F230C4121F99F6D1005CE051 /* InterstitialMediationControllerObjC.m in Sources */ = {isa = PBXBuildFile; fileRef = F230C4111F99F6D1005CE051 /* InterstitialMediationControllerObjC.m */; };
		F230C4151F99F6D1005CE051 /* Main.storyboard in Resources */ = {isa = PBXBuildFile; fileRef = F230C4131F99F6D1005CE051 /* Main.storyboard */; };
		F230C4171F99F6D1005CE051 /* Assets.xcassets in Resources */ = {isa = PBXBuildFile; fileRef = F230C4161F99F6D1005CE051 /* Assets.xcassets */; };
		F230C41A1F99F6D1005CE051 /* LaunchScreen.storyboard in Resources */ = {isa = PBXBuildFile; fileRef = F230C4181F99F6D1005CE051 /* LaunchScreen.storyboard */; };
		F230C41D1F99F6D1005CE051 /* main.m in Sources */ = {isa = PBXBuildFile; fileRef = F230C41C1F99F6D1005CE051 /* main.m */; };
		F230C4351F9A35C2005CE051 /* InterstitialMediationControllerSwift.swift in Sources */ = {isa = PBXBuildFile; fileRef = F230C4341F9A35C2005CE051 /* InterstitialMediationControllerSwift.swift */; };
		F230C43C1F9A3696005CE051 /* InlineMediationControllerSwift.swift in Sources */ = {isa = PBXBuildFile; fileRef = F230C43A1F9A3695005CE051 /* InlineMediationControllerSwift.swift */; };
		F230C43D1F9A3696005CE051 /* InlineMediationControllerObjC.m in Sources */ = {isa = PBXBuildFile; fileRef = F230C43B1F9A3695005CE051 /* InlineMediationControllerObjC.m */; };
/* End PBXBuildFile section */

/* Begin PBXFileReference section */
		07D000D5BA38B25C377993BD /* Pods_VIADSample.framework */ = {isa = PBXFileReference; explicitFileType = wrapper.framework; includeInIndex = 0; path = Pods_VIADSample.framework; sourceTree = BUILT_PRODUCTS_DIR; };
		0DFCE493E2F6B94545F102BB /* Pods_VIFBSample.framework */ = {isa = PBXFileReference; explicitFileType = wrapper.framework; includeInIndex = 0; path = Pods_VIFBSample.framework; sourceTree = BUILT_PRODUCTS_DIR; };
		22E16A392ACEB5BD9F0D6FCA /* Pods-VIFBSample.release.xcconfig */ = {isa = PBXFileReference; includeInIndex = 1; lastKnownFileType = text.xcconfig; name = "Pods-VIFBSample.release.xcconfig"; path = "../Pods/Target Support Files/Pods-VIFBSample/Pods-VIFBSample.release.xcconfig"; sourceTree = "<group>"; };
		A4033C0D713F4570BA4F4B67 /* Pods_VIFBSampleTests.framework */ = {isa = PBXFileReference; explicitFileType = wrapper.framework; includeInIndex = 0; path = Pods_VIFBSampleTests.framework; sourceTree = BUILT_PRODUCTS_DIR; };
		A5015659C6B4964B89DFDDEF /* Pods-VIADSample.debug.xcconfig */ = {isa = PBXFileReference; includeInIndex = 1; lastKnownFileType = text.xcconfig; name = "Pods-VIADSample.debug.xcconfig"; path = "../Pods/Target Support Files/Pods-VIADSample/Pods-VIADSample.debug.xcconfig"; sourceTree = "<group>"; };
		B0F6E3D7556585C20D8BA037 /* Pods-VIFBSample.debug.xcconfig */ = {isa = PBXFileReference; includeInIndex = 1; lastKnownFileType = text.xcconfig; name = "Pods-VIFBSample.debug.xcconfig"; path = "../Pods/Target Support Files/Pods-VIFBSample/Pods-VIFBSample.debug.xcconfig"; sourceTree = "<group>"; };
		C05070C209D47E1FF7B52E8B /* Pods-VIFBSampleTests.debug.xcconfig */ = {isa = PBXFileReference; includeInIndex = 1; lastKnownFileType = text.xcconfig; name = "Pods-VIFBSampleTests.debug.xcconfig"; path = "../Pods/Target Support Files/Pods-VIFBSampleTests/Pods-VIFBSampleTests.debug.xcconfig"; sourceTree = "<group>"; };
		C07D25F61CECB5AFCAE7688A /* Pods-VIFBSampleTests.release.xcconfig */ = {isa = PBXFileReference; includeInIndex = 1; lastKnownFileType = text.xcconfig; name = "Pods-VIFBSampleTests.release.xcconfig"; path = "../Pods/Target Support Files/Pods-VIFBSampleTests/Pods-VIFBSampleTests.release.xcconfig"; sourceTree = "<group>"; };
		C4629203A12C980F8582B735 /* Pods-VIADSample.release.xcconfig */ = {isa = PBXFileReference; includeInIndex = 1; lastKnownFileType = text.xcconfig; name = "Pods-VIADSample.release.xcconfig"; path = "../Pods/Target Support Files/Pods-VIADSample/Pods-VIADSample.release.xcconfig"; sourceTree = "<group>"; };
		F230C40A1F99F6D1005CE051 /* VIADSample.app */ = {isa = PBXFileReference; explicitFileType = wrapper.application; includeInIndex = 0; path = VIADSample.app; sourceTree = BUILT_PRODUCTS_DIR; };
		F230C40D1F99F6D1005CE051 /* AppDelegate.h */ = {isa = PBXFileReference; lastKnownFileType = sourcecode.c.h; path = AppDelegate.h; sourceTree = "<group>"; };
		F230C40E1F99F6D1005CE051 /* AppDelegate.m */ = {isa = PBXFileReference; lastKnownFileType = sourcecode.c.objc; path = AppDelegate.m; sourceTree = "<group>"; };
		F230C4101F99F6D1005CE051 /* InterstitialMediationControllerObjC.h */ = {isa = PBXFileReference; lastKnownFileType = sourcecode.c.h; path = InterstitialMediationControllerObjC.h; sourceTree = "<group>"; };
		F230C4111F99F6D1005CE051 /* InterstitialMediationControllerObjC.m */ = {isa = PBXFileReference; lastKnownFileType = sourcecode.c.objc; path = InterstitialMediationControllerObjC.m; sourceTree = "<group>"; };
		F230C4141F99F6D1005CE051 /* Base */ = {isa = PBXFileReference; lastKnownFileType = file.storyboard; name = Base; path = Base.lproj/Main.storyboard; sourceTree = "<group>"; };
		F230C4161F99F6D1005CE051 /* Assets.xcassets */ = {isa = PBXFileReference; lastKnownFileType = folder.assetcatalog; path = Assets.xcassets; sourceTree = "<group>"; };
		F230C4191F99F6D1005CE051 /* Base */ = {isa = PBXFileReference; lastKnownFileType = file.storyboard; name = Base; path = Base.lproj/LaunchScreen.storyboard; sourceTree = "<group>"; };
		F230C41B1F99F6D1005CE051 /* Info.plist */ = {isa = PBXFileReference; lastKnownFileType = text.plist.xml; path = Info.plist; sourceTree = "<group>"; };
		F230C41C1F99F6D1005CE051 /* main.m */ = {isa = PBXFileReference; lastKnownFileType = sourcecode.c.objc; path = main.m; sourceTree = "<group>"; };
		F230C4341F9A35C2005CE051 /* InterstitialMediationControllerSwift.swift */ = {isa = PBXFileReference; lastKnownFileType = sourcecode.swift; path = InterstitialMediationControllerSwift.swift; sourceTree = "<group>"; };
		F230C4391F9A3695005CE051 /* InlineMediationControllerObjC.h */ = {isa = PBXFileReference; fileEncoding = 4; lastKnownFileType = sourcecode.c.h; path = InlineMediationControllerObjC.h; sourceTree = "<group>"; };
		F230C43A1F9A3695005CE051 /* InlineMediationControllerSwift.swift */ = {isa = PBXFileReference; fileEncoding = 4; lastKnownFileType = sourcecode.swift; path = InlineMediationControllerSwift.swift; sourceTree = "<group>"; };
		F230C43B1F9A3695005CE051 /* InlineMediationControllerObjC.m */ = {isa = PBXFileReference; fileEncoding = 4; lastKnownFileType = sourcecode.c.objc; path = InlineMediationControllerObjC.m; sourceTree = "<group>"; };
/* End PBXFileReference section */

/* Begin PBXFrameworksBuildPhase section */
		F230C4071F99F6D1005CE051 /* Frameworks */ = {
			isa = PBXFrameworksBuildPhase;
			buildActionMask = 2147483647;
			files = (
				E0B0103E4C857AC37C839BE1 /* Pods_VIFBSample.framework in Frameworks */,
				15CA24A3F02B279EB5125711 /* Pods_VIADSample.framework in Frameworks */,
			);
			runOnlyForDeploymentPostprocessing = 0;
		};
/* End PBXFrameworksBuildPhase section */

/* Begin PBXGroup section */
		5F1524ECC3088AFA10B2D964 /* Frameworks */ = {
			isa = PBXGroup;
			children = (
				0DFCE493E2F6B94545F102BB /* Pods_VIFBSample.framework */,
				A4033C0D713F4570BA4F4B67 /* Pods_VIFBSampleTests.framework */,
				07D000D5BA38B25C377993BD /* Pods_VIADSample.framework */,
			);
			name = Frameworks;
			sourceTree = "<group>";
		};
		F230C4011F99F6D1005CE051 = {
			isa = PBXGroup;
			children = (
				F230C40C1F99F6D1005CE051 /* VIADSample */,
				F230C40B1F99F6D1005CE051 /* Products */,
				F9B48B450081007A65C068FD /* Pods */,
				5F1524ECC3088AFA10B2D964 /* Frameworks */,
			);
			sourceTree = "<group>";
		};
		F230C40B1F99F6D1005CE051 /* Products */ = {
			isa = PBXGroup;
			children = (
				F230C40A1F99F6D1005CE051 /* VIADSample.app */,
			);
			name = Products;
			sourceTree = "<group>";
		};
		F230C40C1F99F6D1005CE051 /* VIADSample */ = {
			isa = PBXGroup;
			children = (
				F230C40D1F99F6D1005CE051 /* AppDelegate.h */,
				F230C40E1F99F6D1005CE051 /* AppDelegate.m */,
				F230C4241F99F967005CE051 /* Inline */,
				F230C4231F99F903005CE051 /* Interstitial */,
				F230C4131F99F6D1005CE051 /* Main.storyboard */,
				F230C4161F99F6D1005CE051 /* Assets.xcassets */,
				F230C4181F99F6D1005CE051 /* LaunchScreen.storyboard */,
				F230C41B1F99F6D1005CE051 /* Info.plist */,
				F230C41C1F99F6D1005CE051 /* main.m */,
			);
			path = VIADSample;
			sourceTree = "<group>";
		};
		F230C4231F99F903005CE051 /* Interstitial */ = {
			isa = PBXGroup;
			children = (
				F230C4101F99F6D1005CE051 /* InterstitialMediationControllerObjC.h */,
				F230C4111F99F6D1005CE051 /* InterstitialMediationControllerObjC.m */,
				F230C4341F9A35C2005CE051 /* InterstitialMediationControllerSwift.swift */,
			);
			path = Interstitial;
			sourceTree = "<group>";
		};
		F230C4241F99F967005CE051 /* Inline */ = {
			isa = PBXGroup;
			children = (
				F230C4391F9A3695005CE051 /* InlineMediationControllerObjC.h */,
				F230C43B1F9A3695005CE051 /* InlineMediationControllerObjC.m */,
				F230C43A1F9A3695005CE051 /* InlineMediationControllerSwift.swift */,
			);
			path = Inline;
			sourceTree = "<group>";
		};
		F9B48B450081007A65C068FD /* Pods */ = {
			isa = PBXGroup;
			children = (
				B0F6E3D7556585C20D8BA037 /* Pods-VIFBSample.debug.xcconfig */,
				22E16A392ACEB5BD9F0D6FCA /* Pods-VIFBSample.release.xcconfig */,
				C05070C209D47E1FF7B52E8B /* Pods-VIFBSampleTests.debug.xcconfig */,
				C07D25F61CECB5AFCAE7688A /* Pods-VIFBSampleTests.release.xcconfig */,
				A5015659C6B4964B89DFDDEF /* Pods-VIADSample.debug.xcconfig */,
				C4629203A12C980F8582B735 /* Pods-VIADSample.release.xcconfig */,
			);
			name = Pods;
			sourceTree = "<group>";
		};
/* End PBXGroup section */

/* Begin PBXNativeTarget section */
		F230C4091F99F6D1005CE051 /* VIADSample */ = {
			isa = PBXNativeTarget;
			buildConfigurationList = F230C4201F99F6D1005CE051 /* Build configuration list for PBXNativeTarget "VIADSample" */;
			buildPhases = (
				8FB357CCF02C680FC7693BFB /* [CP] Check Pods Manifest.lock */,
				F230C4061F99F6D1005CE051 /* Sources */,
				F230C4071F99F6D1005CE051 /* Frameworks */,
				F230C4081F99F6D1005CE051 /* Resources */,
				9DAE7A97B14B7AB7965CED88 /* [CP] Embed Pods Frameworks */,
				0D06A95633E688881A15DBE2 /* [CP] Copy Pods Resources */,
			);
			buildRules = (
			);
			dependencies = (
			);
			name = VIADSample;
			productName = VIFBSample;
			productReference = F230C40A1F99F6D1005CE051 /* VIADSample.app */;
			productType = "com.apple.product-type.application";
		};
/* End PBXNativeTarget section */

/* Begin PBXProject section */
		F230C4021F99F6D1005CE051 /* Project object */ = {
			isa = PBXProject;
			attributes = {
				LastSwiftUpdateCheck = 0920;
				LastUpgradeCheck = 0900;
				ORGANIZATIONNAME = "Vitalii Cherepakha";
				TargetAttributes = {
					F230C4091F99F6D1005CE051 = {
						CreatedOnToolsVersion = 9.0;
						LastSwiftMigration = 0900;
						ProvisioningStyle = Automatic;
					};
				};
			};
			buildConfigurationList = F230C4051F99F6D1005CE051 /* Build configuration list for PBXProject "VIADSample" */;
			compatibilityVersion = "Xcode 8.0";
			developmentRegion = en;
			hasScannedForEncodings = 0;
			knownRegions = (
				en,
				Base,
			);
			mainGroup = F230C4011F99F6D1005CE051;
			productRefGroup = F230C40B1F99F6D1005CE051 /* Products */;
			projectDirPath = "";
			projectRoot = "";
			targets = (
				F230C4091F99F6D1005CE051 /* VIADSample */,
			);
		};
/* End PBXProject section */

/* Begin PBXResourcesBuildPhase section */
		F230C4081F99F6D1005CE051 /* Resources */ = {
			isa = PBXResourcesBuildPhase;
			buildActionMask = 2147483647;
			files = (
				F230C41A1F99F6D1005CE051 /* LaunchScreen.storyboard in Resources */,
				F230C4171F99F6D1005CE051 /* Assets.xcassets in Resources */,
				F230C4151F99F6D1005CE051 /* Main.storyboard in Resources */,
			);
			runOnlyForDeploymentPostprocessing = 0;
		};
/* End PBXResourcesBuildPhase section */

/* Begin PBXShellScriptBuildPhase section */
		0D06A95633E688881A15DBE2 /* [CP] Copy Pods Resources */ = {
			isa = PBXShellScriptBuildPhase;
			buildActionMask = 2147483647;
			files = (
			);
			inputPaths = (
			);
			name = "[CP] Copy Pods Resources";
			outputPaths = (
			);
			runOnlyForDeploymentPostprocessing = 0;
			shellPath = /bin/sh;
			shellScript = "\"${SRCROOT}/../Pods/Target Support Files/Pods-VIADSample/Pods-VIADSample-resources.sh\"\n";
			showEnvVarsInLog = 0;
		};
		8FB357CCF02C680FC7693BFB /* [CP] Check Pods Manifest.lock */ = {
			isa = PBXShellScriptBuildPhase;
			buildActionMask = 2147483647;
			files = (
			);
			inputPaths = (
				"${PODS_PODFILE_DIR_PATH}/Podfile.lock",
				"${PODS_ROOT}/Manifest.lock",
			);
			name = "[CP] Check Pods Manifest.lock";
			outputPaths = (
				"$(DERIVED_FILE_DIR)/Pods-VIADSample-checkManifestLockResult.txt",
			);
			runOnlyForDeploymentPostprocessing = 0;
			shellPath = /bin/sh;
			shellScript = "diff \"${PODS_PODFILE_DIR_PATH}/Podfile.lock\" \"${PODS_ROOT}/Manifest.lock\" > /dev/null\nif [ $? != 0 ] ; then\n    # print error to STDERR\n    echo \"error: The sandbox is not in sync with the Podfile.lock. Run 'pod install' or update your CocoaPods installation.\" >&2\n    exit 1\nfi\n# This output is used by Xcode 'outputs' to avoid re-running this script phase.\necho \"SUCCESS\" > \"${SCRIPT_OUTPUT_FILE_0}\"\n";
			showEnvVarsInLog = 0;
		};
		9DAE7A97B14B7AB7965CED88 /* [CP] Embed Pods Frameworks */ = {
			isa = PBXShellScriptBuildPhase;
			buildActionMask = 2147483647;
			files = (
			);
			inputPaths = (
				"${SRCROOT}/../Pods/Target Support Files/Pods-VIADSample/Pods-VIADSample-frameworks.sh",
				"${PODS_ROOT}/VISDK/VISDK/VISDK.framework",
			);
			name = "[CP] Embed Pods Frameworks";
			outputPaths = (
				"${TARGET_BUILD_DIR}/${FRAMEWORKS_FOLDER_PATH}/VISDK.framework",
			);
			runOnlyForDeploymentPostprocessing = 0;
			shellPath = /bin/sh;
			shellScript = "\"${SRCROOT}/../Pods/Target Support Files/Pods-VIADSample/Pods-VIADSample-frameworks.sh\"\n";
			showEnvVarsInLog = 0;
		};
/* End PBXShellScriptBuildPhase section */

/* Begin PBXSourcesBuildPhase section */
		F230C4061F99F6D1005CE051 /* Sources */ = {
			isa = PBXSourcesBuildPhase;
			buildActionMask = 2147483647;
			files = (
				F230C4351F9A35C2005CE051 /* InterstitialMediationControllerSwift.swift in Sources */,
				F230C43D1F9A3696005CE051 /* InlineMediationControllerObjC.m in Sources */,
				F230C4121F99F6D1005CE051 /* InterstitialMediationControllerObjC.m in Sources */,
				F230C41D1F99F6D1005CE051 /* main.m in Sources */,
				F230C40F1F99F6D1005CE051 /* AppDelegate.m in Sources */,
				F230C43C1F9A3696005CE051 /* InlineMediationControllerSwift.swift in Sources */,
			);
			runOnlyForDeploymentPostprocessing = 0;
		};
/* End PBXSourcesBuildPhase section */

/* Begin PBXVariantGroup section */
		F230C4131F99F6D1005CE051 /* Main.storyboard */ = {
			isa = PBXVariantGroup;
			children = (
				F230C4141F99F6D1005CE051 /* Base */,
			);
			name = Main.storyboard;
			sourceTree = "<group>";
		};
		F230C4181F99F6D1005CE051 /* LaunchScreen.storyboard */ = {
			isa = PBXVariantGroup;
			children = (
				F230C4191F99F6D1005CE051 /* Base */,
			);
			name = LaunchScreen.storyboard;
			sourceTree = "<group>";
		};
/* End PBXVariantGroup section */

/* Begin XCBuildConfiguration section */
		F230C41E1F99F6D1005CE051 /* Debug */ = {
			isa = XCBuildConfiguration;
			buildSettings = {
				ALWAYS_SEARCH_USER_PATHS = NO;
				CLANG_ANALYZER_NONNULL = YES;
				CLANG_ANALYZER_NUMBER_OBJECT_CONVERSION = YES_AGGRESSIVE;
				CLANG_CXX_LANGUAGE_STANDARD = "gnu++14";
				CLANG_CXX_LIBRARY = "libc++";
				CLANG_ENABLE_MODULES = YES;
				CLANG_ENABLE_OBJC_ARC = YES;
				CLANG_WARN_BLOCK_CAPTURE_AUTORELEASING = YES;
				CLANG_WARN_BOOL_CONVERSION = YES;
				CLANG_WARN_COMMA = YES;
				CLANG_WARN_CONSTANT_CONVERSION = YES;
				CLANG_WARN_DIRECT_OBJC_ISA_USAGE = YES_ERROR;
				CLANG_WARN_DOCUMENTATION_COMMENTS = YES;
				CLANG_WARN_EMPTY_BODY = YES;
				CLANG_WARN_ENUM_CONVERSION = YES;
				CLANG_WARN_INFINITE_RECURSION = YES;
				CLANG_WARN_INT_CONVERSION = YES;
				CLANG_WARN_NON_LITERAL_NULL_CONVERSION = YES;
				CLANG_WARN_OBJC_LITERAL_CONVERSION = YES;
				CLANG_WARN_OBJC_ROOT_CLASS = YES_ERROR;
				CLANG_WARN_RANGE_LOOP_ANALYSIS = YES;
				CLANG_WARN_STRICT_PROTOTYPES = YES;
				CLANG_WARN_SUSPICIOUS_MOVE = YES;
				CLANG_WARN_UNGUARDED_AVAILABILITY = YES_AGGRESSIVE;
				CLANG_WARN_UNREACHABLE_CODE = YES;
				CLANG_WARN__DUPLICATE_METHOD_MATCH = YES;
				CODE_SIGN_IDENTITY = "iPhone Developer";
				COPY_PHASE_STRIP = NO;
				DEBUG_INFORMATION_FORMAT = dwarf;
				ENABLE_STRICT_OBJC_MSGSEND = YES;
				ENABLE_TESTABILITY = YES;
				GCC_C_LANGUAGE_STANDARD = gnu11;
				GCC_DYNAMIC_NO_PIC = NO;
				GCC_NO_COMMON_BLOCKS = YES;
				GCC_OPTIMIZATION_LEVEL = 0;
				GCC_PREPROCESSOR_DEFINITIONS = (
					"DEBUG=1",
					"$(inherited)",
				);
				GCC_WARN_64_TO_32_BIT_CONVERSION = YES;
				GCC_WARN_ABOUT_RETURN_TYPE = YES_ERROR;
				GCC_WARN_UNDECLARED_SELECTOR = YES;
				GCC_WARN_UNINITIALIZED_AUTOS = YES_AGGRESSIVE;
				GCC_WARN_UNUSED_FUNCTION = YES;
				GCC_WARN_UNUSED_VARIABLE = YES;
				IPHONEOS_DEPLOYMENT_TARGET = 11.0;
				MTL_ENABLE_DEBUG_INFO = YES;
				ONLY_ACTIVE_ARCH = YES;
				SDKROOT = iphoneos;
			};
			name = Debug;
		};
		F230C41F1F99F6D1005CE051 /* Release */ = {
			isa = XCBuildConfiguration;
			buildSettings = {
				ALWAYS_SEARCH_USER_PATHS = NO;
				CLANG_ANALYZER_NONNULL = YES;
				CLANG_ANALYZER_NUMBER_OBJECT_CONVERSION = YES_AGGRESSIVE;
				CLANG_CXX_LANGUAGE_STANDARD = "gnu++14";
				CLANG_CXX_LIBRARY = "libc++";
				CLANG_ENABLE_MODULES = YES;
				CLANG_ENABLE_OBJC_ARC = YES;
				CLANG_WARN_BLOCK_CAPTURE_AUTORELEASING = YES;
				CLANG_WARN_BOOL_CONVERSION = YES;
				CLANG_WARN_COMMA = YES;
				CLANG_WARN_CONSTANT_CONVERSION = YES;
				CLANG_WARN_DIRECT_OBJC_ISA_USAGE = YES_ERROR;
				CLANG_WARN_DOCUMENTATION_COMMENTS = YES;
				CLANG_WARN_EMPTY_BODY = YES;
				CLANG_WARN_ENUM_CONVERSION = YES;
				CLANG_WARN_INFINITE_RECURSION = YES;
				CLANG_WARN_INT_CONVERSION = YES;
				CLANG_WARN_NON_LITERAL_NULL_CONVERSION = YES;
				CLANG_WARN_OBJC_LITERAL_CONVERSION = YES;
				CLANG_WARN_OBJC_ROOT_CLASS = YES_ERROR;
				CLANG_WARN_RANGE_LOOP_ANALYSIS = YES;
				CLANG_WARN_STRICT_PROTOTYPES = YES;
				CLANG_WARN_SUSPICIOUS_MOVE = YES;
				CLANG_WARN_UNGUARDED_AVAILABILITY = YES_AGGRESSIVE;
				CLANG_WARN_UNREACHABLE_CODE = YES;
				CLANG_WARN__DUPLICATE_METHOD_MATCH = YES;
				CODE_SIGN_IDENTITY = "iPhone Developer";
				COPY_PHASE_STRIP = NO;
				DEBUG_INFORMATION_FORMAT = "dwarf-with-dsym";
				ENABLE_NS_ASSERTIONS = NO;
				ENABLE_STRICT_OBJC_MSGSEND = YES;
				GCC_C_LANGUAGE_STANDARD = gnu11;
				GCC_NO_COMMON_BLOCKS = YES;
				GCC_WARN_64_TO_32_BIT_CONVERSION = YES;
				GCC_WARN_ABOUT_RETURN_TYPE = YES_ERROR;
				GCC_WARN_UNDECLARED_SELECTOR = YES;
				GCC_WARN_UNINITIALIZED_AUTOS = YES_AGGRESSIVE;
				GCC_WARN_UNUSED_FUNCTION = YES;
				GCC_WARN_UNUSED_VARIABLE = YES;
				IPHONEOS_DEPLOYMENT_TARGET = 11.0;
				MTL_ENABLE_DEBUG_INFO = NO;
				SDKROOT = iphoneos;
				VALIDATE_PRODUCT = YES;
			};
			name = Release;
		};
		F230C4211F99F6D1005CE051 /* Debug */ = {
			isa = XCBuildConfiguration;
			baseConfigurationReference = A5015659C6B4964B89DFDDEF /* Pods-VIADSample.debug.xcconfig */;
			buildSettings = {
				ASSETCATALOG_COMPILER_APPICON_NAME = AppIcon;
				CLANG_ENABLE_MODULES = YES;
				CODE_SIGN_STYLE = Automatic;
				DEVELOPMENT_TEAM = "";
				INFOPLIST_FILE = VIADSample/Info.plist;
				LD_RUNPATH_SEARCH_PATHS = "$(inherited) @executable_path/Frameworks";
				PRODUCT_BUNDLE_IDENTIFIER = ai.VIADSample;
				PRODUCT_NAME = "$(TARGET_NAME)";
				SWIFT_OPTIMIZATION_LEVEL = "-Onone";
				SWIFT_VERSION = 3.0;
				TARGETED_DEVICE_FAMILY = "1,2";
			};
			name = Debug;
		};
		F230C4221F99F6D1005CE051 /* Release */ = {
			isa = XCBuildConfiguration;
			baseConfigurationReference = C4629203A12C980F8582B735 /* Pods-VIADSample.release.xcconfig */;
			buildSettings = {
				ASSETCATALOG_COMPILER_APPICON_NAME = AppIcon;
				CLANG_ENABLE_MODULES = YES;
				CODE_SIGN_STYLE = Automatic;
				DEVELOPMENT_TEAM = "";
				INFOPLIST_FILE = VIADSample/Info.plist;
				LD_RUNPATH_SEARCH_PATHS = "$(inherited) @executable_path/Frameworks";
				PRODUCT_BUNDLE_IDENTIFIER = ai.VIADSample;
				PRODUCT_NAME = "$(TARGET_NAME)";
				SWIFT_VERSION = 3.0;
				TARGETED_DEVICE_FAMILY = "1,2";
			};
			name = Release;
		};
/* End XCBuildConfiguration section */

/* Begin XCConfigurationList section */
		F230C4051F99F6D1005CE051 /* Build configuration list for PBXProject "VIADSample" */ = {
			isa = XCConfigurationList;
			buildConfigurations = (
				F230C41E1F99F6D1005CE051 /* Debug */,
				F230C41F1F99F6D1005CE051 /* Release */,
			);
			defaultConfigurationIsVisible = 0;
			defaultConfigurationName = Release;
		};
		F230C4201F99F6D1005CE051 /* Build configuration list for PBXNativeTarget "VIADSample" */ = {
			isa = XCConfigurationList;
			buildConfigurations = (
				F230C4211F99F6D1005CE051 /* Debug */,
				F230C4221F99F6D1005CE051 /* Release */,
			);
			defaultConfigurationIsVisible = 0;
			defaultConfigurationName = Release;
		};
/* End XCConfigurationList section */
	};
	rootObject = F230C4021F99F6D1005CE051 /* Project object */;
}
